
Microsoft Visual Studio Solution File, Format Version 12.00
# Visual Studio Version 17
VisualStudioVersion = 17.6.33712.159
MinimumVisualStudioVersion = 10.0.40219.1
Project("{FAE04EC0-301F-11D3-BF4B-00C04F79EFBC}") = "Gandalf.ConsoleApp", "Gandalf.ConsoleApp\Gandalf.ConsoleApp.csproj", "{BC4C1C9A-DC66-454D-A365-9D3BD6F0FA4F}"
EndProject
Project("{FAE04EC0-301F-11D3-BF4B-00C04F79EFBC}") = "Gandalf.LogicaNegocio", "Gandalf.LogicaNegocio\Gandalf.LogicaNegocio.csproj", "{D2C0EA9E-854D-459F-9EF0-4A5B85FBA730}"
EndProject
Project("{FAE04EC0-301F-11D3-BF4B-00C04F79EFBC}") = "Gandalf.RepositorioDados", "Gandalf.RepositorioDados\Gandalf.RepositorioDados.csproj", "{BAA8320E-D67E-4E50-8F99-58FE1C8CEE98}"
EndProject
Project("{FAE04EC0-301F-11D3-BF4B-00C04F79EFBC}") = "Gandalf.Tests", "Gandalf.Tests\Gandalf.Tests.csproj", "{99E0E98C-F8DB-48F4-9C81-E641C39F3B1F}"
EndProject
Global
	GlobalSection(SolutionConfigurationPlatforms) = preSolution
		Debug|Any CPU = Debug|Any CPU
		Release|Any CPU = Release|Any CPU
	EndGlobalSection
	GlobalSection(ProjectConfigurationPlatforms) = postSolution
		{BC4C1C9A-DC66-454D-A365-9D3BD6F0FA4F}.Debug|Any CPU.ActiveCfg = Debug|Any CPU
		{BC4C1C9A-DC66-454D-A365-9D3BD6F0FA4F}.Debug|Any CPU.Build.0 = Debug|Any CPU
		{BC4C1C9A-DC66-454D-A365-9D3BD6F0FA4F}.Release|Any CPU.ActiveCfg = Release|Any CPU
		{BC4C1C9A-DC66-454D-A365-9D3BD6F0FA4F}.Release|Any CPU.Build.0 = Release|Any CPU
		{D2C0EA9E-854D-459F-9EF0-4A5B85FBA730}.Debug|Any CPU.ActiveCfg = Debug|Any CPU
		{D2C0EA9E-854D-459F-9EF0-4A5B85FBA730}.Debug|Any CPU.Build.0 = Debug|Any CPU
		{D2C0EA9E-854D-459F-9EF0-4A5B85FBA730}.Release|Any CPU.ActiveCfg = Release|Any CPU
		{D2C0EA9E-854D-459F-9EF0-4A5B85FBA730}.Release|Any CPU.Build.0 = Release|Any CPU
		{BAA8320E-D67E-4E50-8F99-58FE1C8CEE98}.Debug|Any CPU.ActiveCfg = Debug|Any CPU
		{BAA8320E-D67E-4E50-8F99-58FE1C8CEE98}.Debug|Any CPU.Build.0 = Debug|Any CPU
		{BAA8320E-D67E-4E50-8F99-58FE1C8CEE98}.Release|Any CPU.ActiveCfg = Release|Any CPU
		{BAA8320E-D67E-4E50-8F99-58FE1C8CEE98}.Release|Any CPU.Build.0 = Release|Any CPU
		{99E0E98C-F8DB-48F4-9C81-E641C39F3B1F}.Debug|Any CPU.ActiveCfg = Debug|Any CPU
		{99E0E98C-F8DB-48F4-9C81-E641C39F3B1F}.Debug|Any CPU.Build.0 = Debug|Any CPU
		{99E0E98C-F8DB-48F4-9C81-E641C39F3B1F}.Release|Any CPU.ActiveCfg = Release|Any CPU
		{99E0E98C-F8DB-48F4-9C81-E641C39F3B1F}.Release|Any CPU.Build.0 = Release|Any CPU
	EndGlobalSection
	GlobalSection(SolutionProperties) = preSolution
		HideSolutionNode = FALSE
	EndGlobalSection
	GlobalSection(ExtensibilityGlobals) = postSolution
		SolutionGuid = {B242B223-C43A-4F11-918C-4E36273A8B79}
	EndGlobalSection
EndGlobal
